
Microsoft Visual Studio Solution File, Format Version 12.00
# Visual Studio Version 16
VisualStudioVersion = 16.0.31129.286
MinimumVisualStudioVersion = 10.0.40219.1
Project("{8BC9CEB8-8B4A-11D0-8D11-00A0C91BC942}") = "Inheritance", "Inheritance\Inheritance.vcxproj", "{97BBC76F-668A-4DB7-B811-3C9CA95E2F24}"
EndProject
Project("{8BC9CEB8-8B4A-11D0-8D11-00A0C91BC942}") = "Academy", "Academy\Academy.vcxproj", "{A504FFB8-2A62-431F-B5C4-32AFEEF3D490}"
EndProject
Project("{8BC9CEB8-8B4A-11D0-8D11-00A0C91BC942}") = "Files", "Files\Files.vcxproj", "{ECC428EC-76A7-4A65-A6C4-504D34C7E915}"
EndProject
Project("{8BC9CEB8-8B4A-11D0-8D11-00A0C91BC942}") = "Department", "Department\Department.vcxproj", "{A5AF710C-619E-405F-8145-F0B68278579C}"
EndProject
Project("{8BC9CEB8-8B4A-11D0-8D11-00A0C91BC942}") = "AbstractBaseClass", "AbstractBaseClass\AbstractBaseClass.vcxproj", "{928B8533-5652-4506-AD40-A00552915CC2}"
EndProject
Global
	GlobalSection(SolutionConfigurationPlatforms) = preSolution
		Debug|x64 = Debug|x64
		Debug|x86 = Debug|x86
		Release|x64 = Release|x64
		Release|x86 = Release|x86
	EndGlobalSection
	GlobalSection(ProjectConfigurationPlatforms) = postSolution
		{97BBC76F-668A-4DB7-B811-3C9CA95E2F24}.Debug|x64.ActiveCfg = Debug|x64
		{97BBC76F-668A-4DB7-B811-3C9CA95E2F24}.Debug|x64.Build.0 = Debug|x64
		{97BBC76F-668A-4DB7-B811-3C9CA95E2F24}.Debug|x86.ActiveCfg = Debug|Win32
		{97BBC76F-668A-4DB7-B811-3C9CA95E2F24}.Debug|x86.Build.0 = Debug|Win32
		{97BBC76F-668A-4DB7-B811-3C9CA95E2F24}.Release|x64.ActiveCfg = Release|x64
		{97BBC76F-668A-4DB7-B811-3C9CA95E2F24}.Release|x64.Build.0 = Release|x64
		{97BBC76F-668A-4DB7-B811-3C9CA95E2F24}.Release|x86.ActiveCfg = Release|Win32
		{97BBC76F-668A-4DB7-B811-3C9CA95E2F24}.Release|x86.Build.0 = Release|Win32
		{A504FFB8-2A62-431F-B5C4-32AFEEF3D490}.Debug|x64.ActiveCfg = Debug|x64
		{A504FFB8-2A62-431F-B5C4-32AFEEF3D490}.Debug|x64.Build.0 = Debug|x64
		{A504FFB8-2A62-431F-B5C4-32AFEEF3D490}.Debug|x86.ActiveCfg = Debug|Win32
		{A504FFB8-2A62-431F-B5C4-32AFEEF3D490}.Debug|x86.Build.0 = Debug|Win32
		{A504FFB8-2A62-431F-B5C4-32AFEEF3D490}.Release|x64.ActiveCfg = Release|x64
		{A504FFB8-2A62-431F-B5C4-32AFEEF3D490}.Release|x64.Build.0 = Release|x64
		{A504FFB8-2A62-431F-B5C4-32AFEEF3D490}.Release|x86.ActiveCfg = Release|Win32
		{A504FFB8-2A62-431F-B5C4-32AFEEF3D490}.Release|x86.Build.0 = Release|Win32
		{ECC428EC-76A7-4A65-A6C4-504D34C7E915}.Debug|x64.ActiveCfg = Debug|x64
		{ECC428EC-76A7-4A65-A6C4-504D34C7E915}.Debug|x64.Build.0 = Debug|x64
		{ECC428EC-76A7-4A65-A6C4-504D34C7E915}.Debug|x86.ActiveCfg = Debug|Win32
		{ECC428EC-76A7-4A65-A6C4-504D34C7E915}.Debug|x86.Build.0 = Debug|Win32
		{ECC428EC-76A7-4A65-A6C4-504D34C7E915}.Release|x64.ActiveCfg = Release|x64
		{ECC428EC-76A7-4A65-A6C4-504D34C7E915}.Release|x64.Build.0 = Release|x64
		{ECC428EC-76A7-4A65-A6C4-504D34C7E915}.Release|x86.ActiveCfg = Release|Win32
		{ECC428EC-76A7-4A65-A6C4-504D34C7E915}.Release|x86.Build.0 = Release|Win32
		{A5AF710C-619E-405F-8145-F0B68278579C}.Debug|x64.ActiveCfg = Debug|x64
		{A5AF710C-619E-405F-8145-F0B68278579C}.Debug|x64.Build.0 = Debug|x64
		{A5AF710C-619E-405F-8145-F0B68278579C}.Debug|x86.ActiveCfg = Debug|Win32
		{A5AF710C-619E-405F-8145-F0B68278579C}.Debug|x86.Build.0 = Debug|Win32
		{A5AF710C-619E-405F-8145-F0B68278579C}.Release|x64.ActiveCfg = Release|x64
		{A5AF710C-619E-405F-8145-F0B68278579C}.Release|x64.Build.0 = Release|x64
		{A5AF710C-619E-405F-8145-F0B68278579C}.Release|x86.ActiveCfg = Release|Win32
		{A5AF710C-619E-405F-8145-F0B68278579C}.Release|x86.Build.0 = Release|Win32
		{928B8533-5652-4506-AD40-A00552915CC2}.Debug|x64.ActiveCfg = Debug|x64
		{928B8533-5652-4506-AD40-A00552915CC2}.Debug|x64.Build.0 = Debug|x64
		{928B8533-5652-4506-AD40-A00552915CC2}.Debug|x86.ActiveCfg = Debug|Win32
		{928B8533-5652-4506-AD40-A00552915CC2}.Debug|x86.Build.0 = Debug|Win32
		{928B8533-5652-4506-AD40-A00552915CC2}.Release|x64.ActiveCfg = Release|x64
		{928B8533-5652-4506-AD40-A00552915CC2}.Release|x64.Build.0 = Release|x64
		{928B8533-5652-4506-AD40-A00552915CC2}.Release|x86.ActiveCfg = Release|Win32
		{928B8533-5652-4506-AD40-A00552915CC2}.Release|x86.Build.0 = Release|Win32
	EndGlobalSection
	GlobalSection(SolutionProperties) = preSolution
		HideSolutionNode = FALSE
	EndGlobalSection
	GlobalSection(ExtensibilityGlobals) = postSolution
		SolutionGuid = {2A7F2C0D-8A00-44DD-9F8E-02E39A1312A4}
	EndGlobalSection
EndGlobal
